// !$*UTF8*$!
{
	archiveVersion = 1;
	classes = {
	};
	objectVersion = 50;
	objects = {

/* Begin PBXBuildFile section */
		900E5B4226E5EF52007BBCC7 /* MyWorkoutApp.swift in Sources */ = {isa = PBXBuildFile; fileRef = 900E5B4126E5EF52007BBCC7 /* MyWorkoutApp.swift */; };
		900E5B4426E5EF52007BBCC7 /* ContentView.swift in Sources */ = {isa = PBXBuildFile; fileRef = 900E5B4326E5EF52007BBCC7 /* ContentView.swift */; };
		900E5B4626E5EF54007BBCC7 /* Assets.xcassets in Resources */ = {isa = PBXBuildFile; fileRef = 900E5B4526E5EF54007BBCC7 /* Assets.xcassets */; };
		900E5B4926E5EF54007BBCC7 /* Preview Assets.xcassets in Resources */ = {isa = PBXBuildFile; fileRef = 900E5B4826E5EF54007BBCC7 /* Preview Assets.xcassets */; };
		900E5B5126E5F0F1007BBCC7 /* WelcomeView.swift in Sources */ = {isa = PBXBuildFile; fileRef = 900E5B5026E5F0F1007BBCC7 /* WelcomeView.swift */; };
		900E5B5326E5F103007BBCC7 /* ExerciseView.swift in Sources */ = {isa = PBXBuildFile; fileRef = 900E5B5226E5F103007BBCC7 /* ExerciseView.swift */; };
		90AD97F626F3E1BB00F748E9 /* step-up.mp4 in Resources */ = {isa = PBXBuildFile; fileRef = 90AD97F526F3E1BB00F748E9 /* step-up.mp4 */; };
		90AD97F826F3E1CD00F748E9 /* squat.mp4 in Resources */ = {isa = PBXBuildFile; fileRef = 90AD97F726F3E1CD00F748E9 /* squat.mp4 */; };
		90AD97FA26F3E52600F748E9 /* sun-salute.mp4 in Resources */ = {isa = PBXBuildFile; fileRef = 90AD97F926F3E52600F748E9 /* sun-salute.mp4 */; };
		90AD97FC26F3EC5200F748E9 /* HeaderView.swift in Sources */ = {isa = PBXBuildFile; fileRef = 90AD97FB26F3EC5200F748E9 /* HeaderView.swift */; };
		90AD97FE26F3F1B500F748E9 /* RatingView.swift in Sources */ = {isa = PBXBuildFile; fileRef = 90AD97FD26F3F1B500F748E9 /* RatingView.swift */; };
		90AD980026F3F27A00F748E9 /* HistoryView.swift in Sources */ = {isa = PBXBuildFile; fileRef = 90AD97FF26F3F27A00F748E9 /* HistoryView.swift */; };
		90AD980226F3F39300F748E9 /* DateExtension.swift in Sources */ = {isa = PBXBuildFile; fileRef = 90AD980126F3F39300F748E9 /* DateExtension.swift */; };
		90AD980426F3F90400F748E9 /* burpee.mp4 in Resources */ = {isa = PBXBuildFile; fileRef = 90AD980326F3F90400F748E9 /* burpee.mp4 */; };
		90AD980626F3FD5500F748E9 /* ImageExtension.swift in Sources */ = {isa = PBXBuildFile; fileRef = 90AD980526F3FD5500F748E9 /* ImageExtension.swift */; };
		90AD980926F3FFCD00F748E9 /* SuccessView.swift in Sources */ = {isa = PBXBuildFile; fileRef = 90AD980826F3FFCD00F748E9 /* SuccessView.swift */; };
		90AD980B26F525C700F748E9 /* Exercise.swift in Sources */ = {isa = PBXBuildFile; fileRef = 90AD980A26F525C700F748E9 /* Exercise.swift */; };
		90AD980D26F527EB00F748E9 /* HistoryStore.swift in Sources */ = {isa = PBXBuildFile; fileRef = 90AD980C26F527EB00F748E9 /* HistoryStore.swift */; };
		90AD981026F529F100F748E9 /* HistoryStoreDevData.swift in Sources */ = {isa = PBXBuildFile; fileRef = 90AD980F26F529F100F748E9 /* HistoryStoreDevData.swift */; };
		90AD981226F5350300F748E9 /* TimerView.swift in Sources */ = {isa = PBXBuildFile; fileRef = 90AD981126F5350300F748E9 /* TimerView.swift */; };
		90AD981526F6804B00F748E9 /* Localizable.strings in Resources */ = {isa = PBXBuildFile; fileRef = 90AD981726F6804B00F748E9 /* Localizable.strings */; };
		90AD981B26F731DB00F748E9 /* lunges.mp4 in Resources */ = {isa = PBXBuildFile; fileRef = 90AD981A26F731DB00F748E9 /* lunges.mp4 */; };
		90AD981D26F733E900F748E9 /* plank.mp4 in Resources */ = {isa = PBXBuildFile; fileRef = 90AD981C26F733E900F748E9 /* plank.mp4 */; };
		90AD981F26F7352700F748E9 /* bicycle-crunch.mp4 in Resources */ = {isa = PBXBuildFile; fileRef = 90AD981E26F7352700F748E9 /* bicycle-crunch.mp4 */; };
/* End PBXBuildFile section */

/* Begin PBXFileReference section */
		900E5B3E26E5EF52007BBCC7 /* MyWorkout.app */ = {isa = PBXFileReference; explicitFileType = wrapper.application; includeInIndex = 0; path = MyWorkout.app; sourceTree = BUILT_PRODUCTS_DIR; };
		900E5B4126E5EF52007BBCC7 /* MyWorkoutApp.swift */ = {isa = PBXFileReference; lastKnownFileType = sourcecode.swift; path = MyWorkoutApp.swift; sourceTree = "<group>"; };
		900E5B4326E5EF52007BBCC7 /* ContentView.swift */ = {isa = PBXFileReference; lastKnownFileType = sourcecode.swift; path = ContentView.swift; sourceTree = "<group>"; };
		900E5B4526E5EF54007BBCC7 /* Assets.xcassets */ = {isa = PBXFileReference; lastKnownFileType = folder.assetcatalog; path = Assets.xcassets; sourceTree = "<group>"; };
		900E5B4826E5EF54007BBCC7 /* Preview Assets.xcassets */ = {isa = PBXFileReference; lastKnownFileType = folder.assetcatalog; path = "Preview Assets.xcassets"; sourceTree = "<group>"; };
		900E5B4A26E5EF54007BBCC7 /* Info.plist */ = {isa = PBXFileReference; lastKnownFileType = text.plist.xml; path = Info.plist; sourceTree = "<group>"; };
		900E5B5026E5F0F1007BBCC7 /* WelcomeView.swift */ = {isa = PBXFileReference; lastKnownFileType = sourcecode.swift; path = WelcomeView.swift; sourceTree = "<group>"; };
		900E5B5226E5F103007BBCC7 /* ExerciseView.swift */ = {isa = PBXFileReference; lastKnownFileType = sourcecode.swift; path = ExerciseView.swift; sourceTree = "<group>"; };
		90AD97F526F3E1BB00F748E9 /* step-up.mp4 */ = {isa = PBXFileReference; lastKnownFileType = file; path = "step-up.mp4"; sourceTree = "<group>"; };
		90AD97F726F3E1CD00F748E9 /* squat.mp4 */ = {isa = PBXFileReference; lastKnownFileType = file; path = squat.mp4; sourceTree = "<group>"; };
		90AD97F926F3E52600F748E9 /* sun-salute.mp4 */ = {isa = PBXFileReference; lastKnownFileType = file; path = "sun-salute.mp4"; sourceTree = "<group>"; };
		90AD97FB26F3EC5200F748E9 /* HeaderView.swift */ = {isa = PBXFileReference; lastKnownFileType = sourcecode.swift; name = HeaderView.swift; path = MyWorkout/Views/HeaderView.swift; sourceTree = SOURCE_ROOT; };
		90AD97FD26F3F1B500F748E9 /* RatingView.swift */ = {isa = PBXFileReference; lastKnownFileType = sourcecode.swift; path = RatingView.swift; sourceTree = "<group>"; };
		90AD97FF26F3F27A00F748E9 /* HistoryView.swift */ = {isa = PBXFileReference; lastKnownFileType = sourcecode.swift; path = HistoryView.swift; sourceTree = "<group>"; };
		90AD980126F3F39300F748E9 /* DateExtension.swift */ = {isa = PBXFileReference; lastKnownFileType = sourcecode.swift; path = DateExtension.swift; sourceTree = "<group>"; };
		90AD980326F3F90400F748E9 /* burpee.mp4 */ = {isa = PBXFileReference; lastKnownFileType = file; path = burpee.mp4; sourceTree = "<group>"; };
		90AD980526F3FD5500F748E9 /* ImageExtension.swift */ = {isa = PBXFileReference; lastKnownFileType = sourcecode.swift; path = ImageExtension.swift; sourceTree = "<group>"; };
		90AD980826F3FFCD00F748E9 /* SuccessView.swift */ = {isa = PBXFileReference; lastKnownFileType = sourcecode.swift; path = SuccessView.swift; sourceTree = "<group>"; };
		90AD980A26F525C700F748E9 /* Exercise.swift */ = {isa = PBXFileReference; lastKnownFileType = sourcecode.swift; path = Exercise.swift; sourceTree = "<group>"; };
		90AD980C26F527EB00F748E9 /* HistoryStore.swift */ = {isa = PBXFileReference; lastKnownFileType = sourcecode.swift; path = HistoryStore.swift; sourceTree = "<group>"; };
		90AD980F26F529F100F748E9 /* HistoryStoreDevData.swift */ = {isa = PBXFileReference; lastKnownFileType = sourcecode.swift; path = HistoryStoreDevData.swift; sourceTree = "<group>"; };
		90AD981126F5350300F748E9 /* TimerView.swift */ = {isa = PBXFileReference; lastKnownFileType = sourcecode.swift; path = TimerView.swift; sourceTree = "<group>"; };
		90AD981626F6804B00F748E9 /* en */ = {isa = PBXFileReference; lastKnownFileType = text.plist.strings; name = en; path = en.lproj/Localizable.strings; sourceTree = "<group>"; };
		90AD981826F685C300F748E9 /* es */ = {isa = PBXFileReference; lastKnownFileType = text.plist.strings; name = es; path = es.lproj/Localizable.strings; sourceTree = "<group>"; };
		90AD981926F6918000F748E9 /* th */ = {isa = PBXFileReference; lastKnownFileType = text.plist.strings; name = th; path = th.lproj/Localizable.strings; sourceTree = "<group>"; };
		90AD981A26F731DB00F748E9 /* lunges.mp4 */ = {isa = PBXFileReference; lastKnownFileType = file; path = lunges.mp4; sourceTree = "<group>"; };
		90AD981C26F733E900F748E9 /* plank.mp4 */ = {isa = PBXFileReference; lastKnownFileType = file; path = plank.mp4; sourceTree = "<group>"; };
		90AD981E26F7352700F748E9 /* bicycle-crunch.mp4 */ = {isa = PBXFileReference; lastKnownFileType = file; path = "bicycle-crunch.mp4"; sourceTree = "<group>"; };
/* End PBXFileReference section */

/* Begin PBXFrameworksBuildPhase section */
		900E5B3B26E5EF52007BBCC7 /* Frameworks */ = {
			isa = PBXFrameworksBuildPhase;
			buildActionMask = 2147483647;
			files = (
			);
			runOnlyForDeploymentPostprocessing = 0;
		};
/* End PBXFrameworksBuildPhase section */

/* Begin PBXGroup section */
		900E5B3526E5EF52007BBCC7 = {
			isa = PBXGroup;
			children = (
				900E5B4026E5EF52007BBCC7 /* MyWorkout */,
				900E5B3F26E5EF52007BBCC7 /* Products */,
			);
			sourceTree = "<group>";
		};
		900E5B3F26E5EF52007BBCC7 /* Products */ = {
			isa = PBXGroup;
			children = (
				900E5B3E26E5EF52007BBCC7 /* MyWorkout.app */,
			);
			name = Products;
			sourceTree = "<group>";
		};
		900E5B4026E5EF52007BBCC7 /* MyWorkout */ = {
			isa = PBXGroup;
			children = (
				900E5B5526E5F2BD007BBCC7 /* Videos */,
				900E5B4126E5EF52007BBCC7 /* MyWorkoutApp.swift */,
				900E5B5426E5F112007BBCC7 /* Views */,
				900E5B4526E5EF54007BBCC7 /* Assets.xcassets */,
				900E5B4A26E5EF54007BBCC7 /* Info.plist */,
				900E5B4726E5EF54007BBCC7 /* Preview Content */,
				90AD980726F3FE8000F748E9 /* Extensions */,
				90AD980E26F527F600F748E9 /* Model */,
				90AD981726F6804B00F748E9 /* Localizable.strings */,
			);
			path = MyWorkout;
			sourceTree = "<group>";
		};
		900E5B4726E5EF54007BBCC7 /* Preview Content */ = {
			isa = PBXGroup;
			children = (
				900E5B4826E5EF54007BBCC7 /* Preview Assets.xcassets */,
				90AD980F26F529F100F748E9 /* HistoryStoreDevData.swift */,
			);
			path = "Preview Content";
			sourceTree = "<group>";
		};
		900E5B5426E5F112007BBCC7 /* Views */ = {
			isa = PBXGroup;
			children = (
				90AD97FB26F3EC5200F748E9 /* HeaderView.swift */,
				900E5B4326E5EF52007BBCC7 /* ContentView.swift */,
				900E5B5226E5F103007BBCC7 /* ExerciseView.swift */,
				90AD97FF26F3F27A00F748E9 /* HistoryView.swift */,
				90AD97FD26F3F1B500F748E9 /* RatingView.swift */,
				900E5B5026E5F0F1007BBCC7 /* WelcomeView.swift */,
				90AD980826F3FFCD00F748E9 /* SuccessView.swift */,
				90AD981126F5350300F748E9 /* TimerView.swift */,
			);
			path = Views;
			sourceTree = "<group>";
		};
		900E5B5526E5F2BD007BBCC7 /* Videos */ = {
			isa = PBXGroup;
			children = (
				90AD981E26F7352700F748E9 /* bicycle-crunch.mp4 */,
				90AD981C26F733E900F748E9 /* plank.mp4 */,
				90AD981A26F731DB00F748E9 /* lunges.mp4 */,
				90AD980326F3F90400F748E9 /* burpee.mp4 */,
				90AD97F526F3E1BB00F748E9 /* step-up.mp4 */,
				90AD97F726F3E1CD00F748E9 /* squat.mp4 */,
				90AD97F926F3E52600F748E9 /* sun-salute.mp4 */,
			);
			path = Videos;
			sourceTree = "<group>";
		};
		90AD980726F3FE8000F748E9 /* Extensions */ = {
			isa = PBXGroup;
			children = (
				90AD980126F3F39300F748E9 /* DateExtension.swift */,
				90AD980526F3FD5500F748E9 /* ImageExtension.swift */,
			);
			path = Extensions;
			sourceTree = "<group>";
		};
		90AD980E26F527F600F748E9 /* Model */ = {
			isa = PBXGroup;
			children = (
				90AD980A26F525C700F748E9 /* Exercise.swift */,
				90AD980C26F527EB00F748E9 /* HistoryStore.swift */,
			);
			path = Model;
			sourceTree = "<group>";
		};
/* End PBXGroup section */

/* Begin PBXNativeTarget section */
		900E5B3D26E5EF52007BBCC7 /* MyWorkout */ = {
			isa = PBXNativeTarget;
			buildConfigurationList = 900E5B4D26E5EF54007BBCC7 /* Build configuration list for PBXNativeTarget "MyWorkout" */;
			buildPhases = (
				900E5B3A26E5EF52007BBCC7 /* Sources */,
				900E5B3B26E5EF52007BBCC7 /* Frameworks */,
				900E5B3C26E5EF52007BBCC7 /* Resources */,
			);
			buildRules = (
			);
			dependencies = (
			);
			name = MyWorkout;
			productName = MyWorkout;
			productReference = 900E5B3E26E5EF52007BBCC7 /* MyWorkout.app */;
			productType = "com.apple.product-type.application";
		};
/* End PBXNativeTarget section */

/* Begin PBXProject section */
		900E5B3626E5EF52007BBCC7 /* Project object */ = {
			isa = PBXProject;
			attributes = {
				LastSwiftUpdateCheck = 1250;
				LastUpgradeCheck = 1250;
				TargetAttributes = {
					900E5B3D26E5EF52007BBCC7 = {
						CreatedOnToolsVersion = 12.5.1;
					};
				};
			};
			buildConfigurationList = 900E5B3926E5EF52007BBCC7 /* Build configuration list for PBXProject "MyWorkout" */;
			compatibilityVersion = "Xcode 9.3";
			developmentRegion = en;
			hasScannedForEncodings = 0;
			knownRegions = (
				en,
				Base,
				es,
				th,
			);
			mainGroup = 900E5B3526E5EF52007BBCC7;
			productRefGroup = 900E5B3F26E5EF52007BBCC7 /* Products */;
			projectDirPath = "";
			projectRoot = "";
			targets = (
				900E5B3D26E5EF52007BBCC7 /* MyWorkout */,
			);
		};
/* End PBXProject section */

/* Begin PBXResourcesBuildPhase section */
		900E5B3C26E5EF52007BBCC7 /* Resources */ = {
			isa = PBXResourcesBuildPhase;
			buildActionMask = 2147483647;
			files = (
				900E5B4926E5EF54007BBCC7 /* Preview Assets.xcassets in Resources */,
				90AD981F26F7352700F748E9 /* bicycle-crunch.mp4 in Resources */,
				90AD97FA26F3E52600F748E9 /* sun-salute.mp4 in Resources */,
				90AD980426F3F90400F748E9 /* burpee.mp4 in Resources */,
				90AD981526F6804B00F748E9 /* Localizable.strings in Resources */,
				90AD97F626F3E1BB00F748E9 /* step-up.mp4 in Resources */,
				90AD981B26F731DB00F748E9 /* lunges.mp4 in Resources */,
				90AD981D26F733E900F748E9 /* plank.mp4 in Resources */,
				900E5B4626E5EF54007BBCC7 /* Assets.xcassets in Resources */,
				90AD97F826F3E1CD00F748E9 /* squat.mp4 in Resources */,
			);
			runOnlyForDeploymentPostprocessing = 0;
		};
/* End PBXResourcesBuildPhase section */

/* Begin PBXSourcesBuildPhase section */
		900E5B3A26E5EF52007BBCC7 /* Sources */ = {
			isa = PBXSourcesBuildPhase;
			buildActionMask = 2147483647;
			files = (
				90AD981226F5350300F748E9 /* TimerView.swift in Sources */,
				90AD980026F3F27A00F748E9 /* HistoryView.swift in Sources */,
				90AD980226F3F39300F748E9 /* DateExtension.swift in Sources */,
				90AD980926F3FFCD00F748E9 /* SuccessView.swift in Sources */,
				900E5B5326E5F103007BBCC7 /* ExerciseView.swift in Sources */,
				90AD980D26F527EB00F748E9 /* HistoryStore.swift in Sources */,
				90AD981026F529F100F748E9 /* HistoryStoreDevData.swift in Sources */,
				900E5B4426E5EF52007BBCC7 /* ContentView.swift in Sources */,
				900E5B5126E5F0F1007BBCC7 /* WelcomeView.swift in Sources */,
				90AD980B26F525C700F748E9 /* Exercise.swift in Sources */,
				90AD97FE26F3F1B500F748E9 /* RatingView.swift in Sources */,
				900E5B4226E5EF52007BBCC7 /* MyWorkoutApp.swift in Sources */,
				90AD980626F3FD5500F748E9 /* ImageExtension.swift in Sources */,
				90AD97FC26F3EC5200F748E9 /* HeaderView.swift in Sources */,
			);
			runOnlyForDeploymentPostprocessing = 0;
		};
/* End PBXSourcesBuildPhase section */

/* Begin PBXVariantGroup section */
		90AD981726F6804B00F748E9 /* Localizable.strings */ = {
			isa = PBXVariantGroup;
			children = (
				90AD981626F6804B00F748E9 /* en */,
				90AD981826F685C300F748E9 /* es */,
				90AD981926F6918000F748E9 /* th */,
			);
			name = Localizable.strings;
			sourceTree = "<group>";
		};
/* End PBXVariantGroup section */

/* Begin XCBuildConfiguration section */
		900E5B4B26E5EF54007BBCC7 /* Debug */ = {
			isa = XCBuildConfiguration;
			buildSettings = {
				ALWAYS_SEARCH_USER_PATHS = NO;
				CLANG_ANALYZER_LOCALIZABILITY_NONLOCALIZED = YES;
				CLANG_ANALYZER_NONNULL = YES;
				CLANG_ANALYZER_NUMBER_OBJECT_CONVERSION = YES_AGGRESSIVE;
				CLANG_CXX_LANGUAGE_STANDARD = "gnu++14";
				CLANG_CXX_LIBRARY = "libc++";
				CLANG_ENABLE_MODULES = YES;
				CLANG_ENABLE_OBJC_ARC = YES;
				CLANG_ENABLE_OBJC_WEAK = YES;
				CLANG_WARN_BLOCK_CAPTURE_AUTORELEASING = YES;
				CLANG_WARN_BOOL_CONVERSION = YES;
				CLANG_WARN_COMMA = YES;
				CLANG_WARN_CONSTANT_CONVERSION = YES;
				CLANG_WARN_DEPRECATED_OBJC_IMPLEMENTATIONS = YES;
				CLANG_WARN_DIRECT_OBJC_ISA_USAGE = YES_ERROR;
				CLANG_WARN_DOCUMENTATION_COMMENTS = YES;
				CLANG_WARN_EMPTY_BODY = YES;
				CLANG_WARN_ENUM_CONVERSION = YES;
				CLANG_WARN_INFINITE_RECURSION = YES;
				CLANG_WARN_INT_CONVERSION = YES;
				CLANG_WARN_NON_LITERAL_NULL_CONVERSION = YES;
				CLANG_WARN_OBJC_IMPLICIT_RETAIN_SELF = YES;
				CLANG_WARN_OBJC_LITERAL_CONVERSION = YES;
				CLANG_WARN_OBJC_ROOT_CLASS = YES_ERROR;
				CLANG_WARN_QUOTED_INCLUDE_IN_FRAMEWORK_HEADER = YES;
				CLANG_WARN_RANGE_LOOP_ANALYSIS = YES;
				CLANG_WARN_STRICT_PROTOTYPES = YES;
				CLANG_WARN_SUSPICIOUS_MOVE = YES;
				CLANG_WARN_UNGUARDED_AVAILABILITY = YES_AGGRESSIVE;
				CLANG_WARN_UNREACHABLE_CODE = YES;
				CLANG_WARN__DUPLICATE_METHOD_MATCH = YES;
				COPY_PHASE_STRIP = NO;
				DEBUG_INFORMATION_FORMAT = dwarf;
				ENABLE_STRICT_OBJC_MSGSEND = YES;
				ENABLE_TESTABILITY = YES;
				GCC_C_LANGUAGE_STANDARD = gnu11;
				GCC_DYNAMIC_NO_PIC = NO;
				GCC_NO_COMMON_BLOCKS = YES;
				GCC_OPTIMIZATION_LEVEL = 0;
				GCC_PREPROCESSOR_DEFINITIONS = (
					"DEBUG=1",
					"$(inherited)",
				);
				GCC_WARN_64_TO_32_BIT_CONVERSION = YES;
				GCC_WARN_ABOUT_RETURN_TYPE = YES_ERROR;
				GCC_WARN_UNDECLARED_SELECTOR = YES;
				GCC_WARN_UNINITIALIZED_AUTOS = YES_AGGRESSIVE;
				GCC_WARN_UNUSED_FUNCTION = YES;
				GCC_WARN_UNUSED_VARIABLE = YES;
				IPHONEOS_DEPLOYMENT_TARGET = 14.5;
				MTL_ENABLE_DEBUG_INFO = INCLUDE_SOURCE;
				MTL_FAST_MATH = YES;
				ONLY_ACTIVE_ARCH = YES;
				SDKROOT = iphoneos;
				SWIFT_ACTIVE_COMPILATION_CONDITIONS = DEBUG;
				SWIFT_OPTIMIZATION_LEVEL = "-Onone";
			};
			name = Debug;
		};
		900E5B4C26E5EF54007BBCC7 /* Release */ = {
			isa = XCBuildConfiguration;
			buildSettings = {
				ALWAYS_SEARCH_USER_PATHS = NO;
				CLANG_ANALYZER_LOCALIZABILITY_NONLOCALIZED = YES;
				CLANG_ANALYZER_NONNULL = YES;
				CLANG_ANALYZER_NUMBER_OBJECT_CONVERSION = YES_AGGRESSIVE;
				CLANG_CXX_LANGUAGE_STANDARD = "gnu++14";
				CLANG_CXX_LIBRARY = "libc++";
				CLANG_ENABLE_MODULES = YES;
				CLANG_ENABLE_OBJC_ARC = YES;
				CLANG_ENABLE_OBJC_WEAK = YES;
				CLANG_WARN_BLOCK_CAPTURE_AUTORELEASING = YES;
				CLANG_WARN_BOOL_CONVERSION = YES;
				CLANG_WARN_COMMA = YES;
				CLANG_WARN_CONSTANT_CONVERSION = YES;
				CLANG_WARN_DEPRECATED_OBJC_IMPLEMENTATIONS = YES;
				CLANG_WARN_DIRECT_OBJC_ISA_USAGE = YES_ERROR;
				CLANG_WARN_DOCUMENTATION_COMMENTS = YES;
				CLANG_WARN_EMPTY_BODY = YES;
				CLANG_WARN_ENUM_CONVERSION = YES;
				CLANG_WARN_INFINITE_RECURSION = YES;
				CLANG_WARN_INT_CONVERSION = YES;
				CLANG_WARN_NON_LITERAL_NULL_CONVERSION = YES;
				CLANG_WARN_OBJC_IMPLICIT_RETAIN_SELF = YES;
				CLANG_WARN_OBJC_LITERAL_CONVERSION = YES;
				CLANG_WARN_OBJC_ROOT_CLASS = YES_ERROR;
				CLANG_WARN_QUOTED_INCLUDE_IN_FRAMEWORK_HEADER = YES;
				CLANG_WARN_RANGE_LOOP_ANALYSIS = YES;
				CLANG_WARN_STRICT_PROTOTYPES = YES;
				CLANG_WARN_SUSPICIOUS_MOVE = YES;
				CLANG_WARN_UNGUARDED_AVAILABILITY = YES_AGGRESSIVE;
				CLANG_WARN_UNREACHABLE_CODE = YES;
				CLANG_WARN__DUPLICATE_METHOD_MATCH = YES;
				COPY_PHASE_STRIP = NO;
				DEBUG_INFORMATION_FORMAT = "dwarf-with-dsym";
				ENABLE_NS_ASSERTIONS = NO;
				ENABLE_STRICT_OBJC_MSGSEND = YES;
				GCC_C_LANGUAGE_STANDARD = gnu11;
				GCC_NO_COMMON_BLOCKS = YES;
				GCC_WARN_64_TO_32_BIT_CONVERSION = YES;
				GCC_WARN_ABOUT_RETURN_TYPE = YES_ERROR;
				GCC_WARN_UNDECLARED_SELECTOR = YES;
				GCC_WARN_UNINITIALIZED_AUTOS = YES_AGGRESSIVE;
				GCC_WARN_UNUSED_FUNCTION = YES;
				GCC_WARN_UNUSED_VARIABLE = YES;
				IPHONEOS_DEPLOYMENT_TARGET = 14.5;
				MTL_ENABLE_DEBUG_INFO = NO;
				MTL_FAST_MATH = YES;
				SDKROOT = iphoneos;
				SWIFT_COMPILATION_MODE = wholemodule;
				SWIFT_OPTIMIZATION_LEVEL = "-O";
				VALIDATE_PRODUCT = YES;
			};
			name = Release;
		};
		900E5B4E26E5EF54007BBCC7 /* Debug */ = {
			isa = XCBuildConfiguration;
			buildSettings = {
				ASSETCATALOG_COMPILER_APPICON_NAME = AppIcon;
				ASSETCATALOG_COMPILER_GLOBAL_ACCENT_COLOR_NAME = AccentColor;
				CODE_SIGN_STYLE = Automatic;
				DEVELOPMENT_ASSET_PATHS = "\"MyWorkout/Preview Content\"";
				DEVELOPMENT_TEAM = "";
				ENABLE_PREVIEWS = YES;
				INFOPLIST_FILE = MyWorkout/Info.plist;
				IPHONEOS_DEPLOYMENT_TARGET = 14.0;
				LD_RUNPATH_SEARCH_PATHS = (
					"$(inherited)",
					"@executable_path/Frameworks",
				);
				PRODUCT_BUNDLE_IDENTIFIER = tu.ac.student.6110613152.MyWorkout;
				PRODUCT_NAME = "$(TARGET_NAME)";
				SWIFT_VERSION = 5.0;
				TARGETED_DEVICE_FAMILY = "1,2";
			};
			name = Debug;
		};
		900E5B4F26E5EF54007BBCC7 /* Release */ = {
			isa = XCBuildConfiguration;
			buildSettings = {
				ASSETCATALOG_COMPILER_APPICON_NAME = AppIcon;
				ASSETCATALOG_COMPILER_GLOBAL_ACCENT_COLOR_NAME = AccentColor;
				CODE_SIGN_STYLE = Automatic;
				DEVELOPMENT_ASSET_PATHS = "\"MyWorkout/Preview Content\"";
				DEVELOPMENT_TEAM = "";
				ENABLE_PREVIEWS = YES;
				INFOPLIST_FILE = MyWorkout/Info.plist;
				IPHONEOS_DEPLOYMENT_TARGET = 14.0;
				LD_RUNPATH_SEARCH_PATHS = (
					"$(inherited)",
					"@executable_path/Frameworks",
				);
				PRODUCT_BUNDLE_IDENTIFIER = tu.ac.student.6110613152.MyWorkout;
				PRODUCT_NAME = "$(TARGET_NAME)";
				SWIFT_VERSION = 5.0;
				TARGETED_DEVICE_FAMILY = "1,2";
			};
			name = Release;
		};
/* End XCBuildConfiguration section */

/* Begin XCConfigurationList section */
		900E5B3926E5EF52007BBCC7 /* Build configuration list for PBXProject "MyWorkout" */ = {
			isa = XCConfigurationList;
			buildConfigurations = (
				900E5B4B26E5EF54007BBCC7 /* Debug */,
				900E5B4C26E5EF54007BBCC7 /* Release */,
			);
			defaultConfigurationIsVisible = 0;
			defaultConfigurationName = Release;
		};
		900E5B4D26E5EF54007BBCC7 /* Build configuration list for PBXNativeTarget "MyWorkout" */ = {
			isa = XCConfigurationList;
			buildConfigurations = (
				900E5B4E26E5EF54007BBCC7 /* Debug */,
				900E5B4F26E5EF54007BBCC7 /* Release */,
			);
			defaultConfigurationIsVisible = 0;
			defaultConfigurationName = Release;
		};
/* End XCConfigurationList section */
	};
	rootObject = 900E5B3626E5EF52007BBCC7 /* Project object */;
}
